
Microsoft Visual Studio Solution File, Format Version 12.00
# Visual Studio 15
Project("{FAE04EC0-301F-11D3-BF4B-00C04F79EFBC}") = "Assembly-CSharp", "Assembly-CSharp.csproj", "{4252D0C1-F222-01DD-FE40-D893A6D7A36D}"
EndProject
Project("{FAE04EC0-301F-11D3-BF4B-00C04F79EFBC}") = "Assembly-CSharp-Editor-firstpass", "Assembly-CSharp-Editor-firstpass.csproj", "{1FC63AE8-6352-D4D7-62AC-8314117D54B7}"
EndProject
Global
	GlobalSection(SolutionConfigurationPlatforms) = preSolution
		Debug|Any CPU = Debug|Any CPU
		Release|Any CPU = Release|Any CPU
	EndGlobalSection
	GlobalSection(ProjectConfigurationPlatforms) = postSolution
		{4252D0C1-F222-01DD-FE40-D893A6D7A36D}.Debug|Any CPU.ActiveCfg = Debug|Any CPU
		{4252D0C1-F222-01DD-FE40-D893A6D7A36D}.Debug|Any CPU.Build.0 = Debug|Any CPU
		{4252D0C1-F222-01DD-FE40-D893A6D7A36D}.Release|Any CPU.ActiveCfg = Release|Any CPU
		{4252D0C1-F222-01DD-FE40-D893A6D7A36D}.Release|Any CPU.Build.0 = Release|Any CPU
		{1FC63AE8-6352-D4D7-62AC-8314117D54B7}.Debug|Any CPU.ActiveCfg = Debug|Any CPU
		{1FC63AE8-6352-D4D7-62AC-8314117D54B7}.Debug|Any CPU.Build.0 = Debug|Any CPU
		{1FC63AE8-6352-D4D7-62AC-8314117D54B7}.Release|Any CPU.ActiveCfg = Release|Any CPU
		{1FC63AE8-6352-D4D7-62AC-8314117D54B7}.Release|Any CPU.Build.0 = Release|Any CPU
	EndGlobalSection
	GlobalSection(SolutionProperties) = preSolution
		HideSolutionNode = FALSE
	EndGlobalSection
EndGlobal
